// !$*UTF8*$!
{
	archiveVersion = 1;
	classes = {
	};
	objectVersion = 48;
	objects = {

/* Begin PBXBuildFile section */
		044BC92CD74A5CEA1E02C44F /* Pods_Memories.framework in Frameworks */ = {isa = PBXBuildFile; fileRef = 4C5ECB97DE7D2ECBF207D5D7 /* Pods_Memories.framework */; };
		26C37747203B95B300F3FB60 /* AppDelegate.swift in Sources */ = {isa = PBXBuildFile; fileRef = 26C37746203B95B300F3FB60 /* AppDelegate.swift */; };
		26C37749203B95B300F3FB60 /* ViewController.swift in Sources */ = {isa = PBXBuildFile; fileRef = 26C37748203B95B300F3FB60 /* ViewController.swift */; };
		26C3774C203B95B300F3FB60 /* Main.storyboard in Resources */ = {isa = PBXBuildFile; fileRef = 26C3774A203B95B300F3FB60 /* Main.storyboard */; };
		26C3774E203B95B300F3FB60 /* Assets.xcassets in Resources */ = {isa = PBXBuildFile; fileRef = 26C3774D203B95B300F3FB60 /* Assets.xcassets */; };
		26C37751203B95B300F3FB60 /* LaunchScreen.storyboard in Resources */ = {isa = PBXBuildFile; fileRef = 26C3774F203B95B300F3FB60 /* LaunchScreen.storyboard */; };
		26C3775C203B95B300F3FB60 /* MemoriesTests.swift in Sources */ = {isa = PBXBuildFile; fileRef = 26C3775B203B95B300F3FB60 /* MemoriesTests.swift */; };
		26C37767203B95B300F3FB60 /* MemoriesUITests.swift in Sources */ = {isa = PBXBuildFile; fileRef = 26C37766203B95B300F3FB60 /* MemoriesUITests.swift */; };
		26D0CBDD203E738000D29E27 /* LogInViewController.swift in Sources */ = {isa = PBXBuildFile; fileRef = 26D0CBDC203E738000D29E27 /* LogInViewController.swift */; };
		31C9AACFC8EE8EC4A8A65E27 /* Pods_MemoriesTests.framework in Frameworks */ = {isa = PBXBuildFile; fileRef = 438381695C17E6C4DCD4165C /* Pods_MemoriesTests.framework */; };
		E4EF105F9F6CDD8EBA0D228E /* Pods_MemoriesUITests.framework in Frameworks */ = {isa = PBXBuildFile; fileRef = 171792360788DFA0E6AC4495 /* Pods_MemoriesUITests.framework */; };
/* End PBXBuildFile section */

/* Begin PBXContainerItemProxy section */
		26C37758203B95B300F3FB60 /* PBXContainerItemProxy */ = {
			isa = PBXContainerItemProxy;
			containerPortal = 26C3773B203B95B300F3FB60 /* Project object */;
			proxyType = 1;
			remoteGlobalIDString = 26C37742203B95B300F3FB60;
			remoteInfo = Memories;
		};
		26C37763203B95B300F3FB60 /* PBXContainerItemProxy */ = {
			isa = PBXContainerItemProxy;
			containerPortal = 26C3773B203B95B300F3FB60 /* Project object */;
			proxyType = 1;
			remoteGlobalIDString = 26C37742203B95B300F3FB60;
			remoteInfo = Memories;
		};
/* End PBXContainerItemProxy section */

/* Begin PBXFileReference section */
		041FCA48ABFD4B159248AF8D /* Pods-Memories.release.xcconfig */ = {isa = PBXFileReference; includeInIndex = 1; lastKnownFileType = text.xcconfig; name = "Pods-Memories.release.xcconfig"; path = "Pods/Target Support Files/Pods-Memories/Pods-Memories.release.xcconfig"; sourceTree = "<group>"; };
		171792360788DFA0E6AC4495 /* Pods_MemoriesUITests.framework */ = {isa = PBXFileReference; explicitFileType = wrapper.framework; includeInIndex = 0; path = Pods_MemoriesUITests.framework; sourceTree = BUILT_PRODUCTS_DIR; };
		26C37743203B95B300F3FB60 /* Memories.app */ = {isa = PBXFileReference; explicitFileType = wrapper.application; includeInIndex = 0; path = Memories.app; sourceTree = BUILT_PRODUCTS_DIR; };
		26C37746203B95B300F3FB60 /* AppDelegate.swift */ = {isa = PBXFileReference; lastKnownFileType = sourcecode.swift; path = AppDelegate.swift; sourceTree = "<group>"; };
		26C37748203B95B300F3FB60 /* ViewController.swift */ = {isa = PBXFileReference; lastKnownFileType = sourcecode.swift; path = ViewController.swift; sourceTree = "<group>"; };
		26C3774B203B95B300F3FB60 /* Base */ = {isa = PBXFileReference; lastKnownFileType = file.storyboard; name = Base; path = Base.lproj/Main.storyboard; sourceTree = "<group>"; };
		26C3774D203B95B300F3FB60 /* Assets.xcassets */ = {isa = PBXFileReference; lastKnownFileType = folder.assetcatalog; path = Assets.xcassets; sourceTree = "<group>"; };
		26C37750203B95B300F3FB60 /* Base */ = {isa = PBXFileReference; lastKnownFileType = file.storyboard; name = Base; path = Base.lproj/LaunchScreen.storyboard; sourceTree = "<group>"; };
		26C37752203B95B300F3FB60 /* Info.plist */ = {isa = PBXFileReference; lastKnownFileType = text.plist.xml; path = Info.plist; sourceTree = "<group>"; };
		26C37757203B95B300F3FB60 /* MemoriesTests.xctest */ = {isa = PBXFileReference; explicitFileType = wrapper.cfbundle; includeInIndex = 0; path = MemoriesTests.xctest; sourceTree = BUILT_PRODUCTS_DIR; };
		26C3775B203B95B300F3FB60 /* MemoriesTests.swift */ = {isa = PBXFileReference; lastKnownFileType = sourcecode.swift; path = MemoriesTests.swift; sourceTree = "<group>"; };
		26C3775D203B95B300F3FB60 /* Info.plist */ = {isa = PBXFileReference; lastKnownFileType = text.plist.xml; path = Info.plist; sourceTree = "<group>"; };
		26C37762203B95B300F3FB60 /* MemoriesUITests.xctest */ = {isa = PBXFileReference; explicitFileType = wrapper.cfbundle; includeInIndex = 0; path = MemoriesUITests.xctest; sourceTree = BUILT_PRODUCTS_DIR; };
		26C37766203B95B300F3FB60 /* MemoriesUITests.swift */ = {isa = PBXFileReference; lastKnownFileType = sourcecode.swift; path = MemoriesUITests.swift; sourceTree = "<group>"; };
		26C37768203B95B300F3FB60 /* Info.plist */ = {isa = PBXFileReference; lastKnownFileType = text.plist.xml; path = Info.plist; sourceTree = "<group>"; };
		26D0CBDC203E738000D29E27 /* LogInViewController.swift */ = {isa = PBXFileReference; lastKnownFileType = sourcecode.swift; path = LogInViewController.swift; sourceTree = "<group>"; };
		2A34285FD8A35C514FCCC61A /* Pods-MemoriesTests.debug.xcconfig */ = {isa = PBXFileReference; includeInIndex = 1; lastKnownFileType = text.xcconfig; name = "Pods-MemoriesTests.debug.xcconfig"; path = "Pods/Target Support Files/Pods-MemoriesTests/Pods-MemoriesTests.debug.xcconfig"; sourceTree = "<group>"; };
		438381695C17E6C4DCD4165C /* Pods_MemoriesTests.framework */ = {isa = PBXFileReference; explicitFileType = wrapper.framework; includeInIndex = 0; path = Pods_MemoriesTests.framework; sourceTree = BUILT_PRODUCTS_DIR; };
		4C5ECB97DE7D2ECBF207D5D7 /* Pods_Memories.framework */ = {isa = PBXFileReference; explicitFileType = wrapper.framework; includeInIndex = 0; path = Pods_Memories.framework; sourceTree = BUILT_PRODUCTS_DIR; };
		75FDC20FC671A7032E3491F1 /* Pods-Memories.debug.xcconfig */ = {isa = PBXFileReference; includeInIndex = 1; lastKnownFileType = text.xcconfig; name = "Pods-Memories.debug.xcconfig"; path = "Pods/Target Support Files/Pods-Memories/Pods-Memories.debug.xcconfig"; sourceTree = "<group>"; };
		CB4E2A3E85CCEADD933CED16 /* Pods-MemoriesUITests.release.xcconfig */ = {isa = PBXFileReference; includeInIndex = 1; lastKnownFileType = text.xcconfig; name = "Pods-MemoriesUITests.release.xcconfig"; path = "Pods/Target Support Files/Pods-MemoriesUITests/Pods-MemoriesUITests.release.xcconfig"; sourceTree = "<group>"; };
		CD7D0445F3058458B27A05ED /* Pods-MemoriesTests.release.xcconfig */ = {isa = PBXFileReference; includeInIndex = 1; lastKnownFileType = text.xcconfig; name = "Pods-MemoriesTests.release.xcconfig"; path = "Pods/Target Support Files/Pods-MemoriesTests/Pods-MemoriesTests.release.xcconfig"; sourceTree = "<group>"; };
		E696182342D10C7682D0CE0D /* Pods-MemoriesUITests.debug.xcconfig */ = {isa = PBXFileReference; includeInIndex = 1; lastKnownFileType = text.xcconfig; name = "Pods-MemoriesUITests.debug.xcconfig"; path = "Pods/Target Support Files/Pods-MemoriesUITests/Pods-MemoriesUITests.debug.xcconfig"; sourceTree = "<group>"; };
/* End PBXFileReference section */

/* Begin PBXFrameworksBuildPhase section */
		26C37740203B95B300F3FB60 /* Frameworks */ = {
			isa = PBXFrameworksBuildPhase;
			buildActionMask = 2147483647;
			files = (
				044BC92CD74A5CEA1E02C44F /* Pods_Memories.framework in Frameworks */,
			);
			runOnlyForDeploymentPostprocessing = 0;
		};
		26C37754203B95B300F3FB60 /* Frameworks */ = {
			isa = PBXFrameworksBuildPhase;
			buildActionMask = 2147483647;
			files = (
				31C9AACFC8EE8EC4A8A65E27 /* Pods_MemoriesTests.framework in Frameworks */,
			);
			runOnlyForDeploymentPostprocessing = 0;
		};
		26C3775F203B95B300F3FB60 /* Frameworks */ = {
			isa = PBXFrameworksBuildPhase;
			buildActionMask = 2147483647;
			files = (
				E4EF105F9F6CDD8EBA0D228E /* Pods_MemoriesUITests.framework in Frameworks */,
			);
			runOnlyForDeploymentPostprocessing = 0;
		};
/* End PBXFrameworksBuildPhase section */

/* Begin PBXGroup section */
		0CCEEAAF98046C5FF73BCF3F /* Frameworks */ = {
			isa = PBXGroup;
			children = (
				4C5ECB97DE7D2ECBF207D5D7 /* Pods_Memories.framework */,
				438381695C17E6C4DCD4165C /* Pods_MemoriesTests.framework */,
				171792360788DFA0E6AC4495 /* Pods_MemoriesUITests.framework */,
			);
			name = Frameworks;
			sourceTree = "<group>";
		};
		26C3773A203B95B300F3FB60 = {
			isa = PBXGroup;
			children = (
				26C37745203B95B300F3FB60 /* Memories */,
				26C3775A203B95B300F3FB60 /* MemoriesTests */,
				26C37765203B95B300F3FB60 /* MemoriesUITests */,
				26C37744203B95B300F3FB60 /* Products */,
				4828A87A903BD21A25120518 /* Pods */,
				0CCEEAAF98046C5FF73BCF3F /* Frameworks */,
			);
			sourceTree = "<group>";
		};
		26C37744203B95B300F3FB60 /* Products */ = {
			isa = PBXGroup;
			children = (
				26C37743203B95B300F3FB60 /* Memories.app */,
				26C37757203B95B300F3FB60 /* MemoriesTests.xctest */,
				26C37762203B95B300F3FB60 /* MemoriesUITests.xctest */,
			);
			name = Products;
			sourceTree = "<group>";
		};
		26C37745203B95B300F3FB60 /* Memories */ = {
			isa = PBXGroup;
			children = (
				26D0CBDE203E995700D29E27 /* View Controllers */,
				26C37746203B95B300F3FB60 /* AppDelegate.swift */,
				26C3774A203B95B300F3FB60 /* Main.storyboard */,
				26C3774D203B95B300F3FB60 /* Assets.xcassets */,
				26C3774F203B95B300F3FB60 /* LaunchScreen.storyboard */,
				26C37752203B95B300F3FB60 /* Info.plist */,
			);
			path = Memories;
			sourceTree = "<group>";
		};
		26C3775A203B95B300F3FB60 /* MemoriesTests */ = {
			isa = PBXGroup;
			children = (
				26C3775B203B95B300F3FB60 /* MemoriesTests.swift */,
				26C3775D203B95B300F3FB60 /* Info.plist */,
			);
			path = MemoriesTests;
			sourceTree = "<group>";
		};
		26C37765203B95B300F3FB60 /* MemoriesUITests */ = {
			isa = PBXGroup;
			children = (
				26C37766203B95B300F3FB60 /* MemoriesUITests.swift */,
				26C37768203B95B300F3FB60 /* Info.plist */,
			);
			path = MemoriesUITests;
			sourceTree = "<group>";
		};
		26D0CBDE203E995700D29E27 /* View Controllers */ = {
			isa = PBXGroup;
			children = (
				26D0CBDC203E738000D29E27 /* LogInViewController.swift */,
				26C37748203B95B300F3FB60 /* ViewController.swift */,
			);
			path = "View Controllers";
			sourceTree = "<group>";
		};
		4828A87A903BD21A25120518 /* Pods */ = {
			isa = PBXGroup;
			children = (
				75FDC20FC671A7032E3491F1 /* Pods-Memories.debug.xcconfig */,
				041FCA48ABFD4B159248AF8D /* Pods-Memories.release.xcconfig */,
				2A34285FD8A35C514FCCC61A /* Pods-MemoriesTests.debug.xcconfig */,
				CD7D0445F3058458B27A05ED /* Pods-MemoriesTests.release.xcconfig */,
				E696182342D10C7682D0CE0D /* Pods-MemoriesUITests.debug.xcconfig */,
				CB4E2A3E85CCEADD933CED16 /* Pods-MemoriesUITests.release.xcconfig */,
			);
			name = Pods;
			sourceTree = "<group>";
		};
/* End PBXGroup section */

/* Begin PBXNativeTarget section */
		26C37742203B95B300F3FB60 /* Memories */ = {
			isa = PBXNativeTarget;
			buildConfigurationList = 26C3776B203B95B300F3FB60 /* Build configuration list for PBXNativeTarget "Memories" */;
			buildPhases = (
				A29480AE82F6254FA3D99F2F /* [CP] Check Pods Manifest.lock */,
				26C3773F203B95B300F3FB60 /* Sources */,
				26C37740203B95B300F3FB60 /* Frameworks */,
				26C37741203B95B300F3FB60 /* Resources */,
				0EED46D8012932E397B43051 /* [CP] Embed Pods Frameworks */,
				EE463F5CAECC7674BAFF6A66 /* [CP] Copy Pods Resources */,
			);
			buildRules = (
			);
			dependencies = (
			);
			name = Memories;
			productName = Memories;
			productReference = 26C37743203B95B300F3FB60 /* Memories.app */;
			productType = "com.apple.product-type.application";
		};
		26C37756203B95B300F3FB60 /* MemoriesTests */ = {
			isa = PBXNativeTarget;
			buildConfigurationList = 26C3776E203B95B300F3FB60 /* Build configuration list for PBXNativeTarget "MemoriesTests" */;
			buildPhases = (
				ABF1F137B71A03BA89B599C0 /* [CP] Check Pods Manifest.lock */,
				26C37753203B95B300F3FB60 /* Sources */,
				26C37754203B95B300F3FB60 /* Frameworks */,
				26C37755203B95B300F3FB60 /* Resources */,
				5F47607882EDFDC4B1BD1CAD /* [CP] Embed Pods Frameworks */,
				6E1C77CE58FF80F7C73F8B5C /* [CP] Copy Pods Resources */,
			);
			buildRules = (
			);
			dependencies = (
				26C37759203B95B300F3FB60 /* PBXTargetDependency */,
			);
			name = MemoriesTests;
			productName = MemoriesTests;
			productReference = 26C37757203B95B300F3FB60 /* MemoriesTests.xctest */;
			productType = "com.apple.product-type.bundle.unit-test";
		};
		26C37761203B95B300F3FB60 /* MemoriesUITests */ = {
			isa = PBXNativeTarget;
			buildConfigurationList = 26C37771203B95B300F3FB60 /* Build configuration list for PBXNativeTarget "MemoriesUITests" */;
			buildPhases = (
				0F8925928C8534DCCCD489A2 /* [CP] Check Pods Manifest.lock */,
				26C3775E203B95B300F3FB60 /* Sources */,
				26C3775F203B95B300F3FB60 /* Frameworks */,
				26C37760203B95B300F3FB60 /* Resources */,
				9F9C7E49CEC253C885EB6F79 /* [CP] Embed Pods Frameworks */,
				0554630B311D548CF0972C2C /* [CP] Copy Pods Resources */,
			);
			buildRules = (
			);
			dependencies = (
				26C37764203B95B300F3FB60 /* PBXTargetDependency */,
			);
			name = MemoriesUITests;
			productName = MemoriesUITests;
			productReference = 26C37762203B95B300F3FB60 /* MemoriesUITests.xctest */;
			productType = "com.apple.product-type.bundle.ui-testing";
		};
/* End PBXNativeTarget section */

/* Begin PBXProject section */
		26C3773B203B95B300F3FB60 /* Project object */ = {
			isa = PBXProject;
			attributes = {
				LastSwiftUpdateCheck = 0920;
				LastUpgradeCheck = 0920;
				ORGANIZATIONNAME = "Sarah Villegas ";
				TargetAttributes = {
					26C37742203B95B300F3FB60 = {
						CreatedOnToolsVersion = 9.2;
						ProvisioningStyle = Automatic;
					};
					26C37756203B95B300F3FB60 = {
						CreatedOnToolsVersion = 9.2;
						ProvisioningStyle = Automatic;
						TestTargetID = 26C37742203B95B300F3FB60;
					};
					26C37761203B95B300F3FB60 = {
						CreatedOnToolsVersion = 9.2;
						ProvisioningStyle = Automatic;
						TestTargetID = 26C37742203B95B300F3FB60;
					};
				};
			};
			buildConfigurationList = 26C3773E203B95B300F3FB60 /* Build configuration list for PBXProject "Memories" */;
			compatibilityVersion = "Xcode 8.0";
			developmentRegion = en;
			hasScannedForEncodings = 0;
			knownRegions = (
				en,
				Base,
			);
			mainGroup = 26C3773A203B95B300F3FB60;
			productRefGroup = 26C37744203B95B300F3FB60 /* Products */;
			projectDirPath = "";
			projectRoot = "";
			targets = (
				26C37742203B95B300F3FB60 /* Memories */,
				26C37756203B95B300F3FB60 /* MemoriesTests */,
				26C37761203B95B300F3FB60 /* MemoriesUITests */,
			);
		};
/* End PBXProject section */

/* Begin PBXResourcesBuildPhase section */
		26C37741203B95B300F3FB60 /* Resources */ = {
			isa = PBXResourcesBuildPhase;
			buildActionMask = 2147483647;
			files = (
				26C37751203B95B300F3FB60 /* LaunchScreen.storyboard in Resources */,
				26C3774E203B95B300F3FB60 /* Assets.xcassets in Resources */,
				26C3774C203B95B300F3FB60 /* Main.storyboard in Resources */,
			);
			runOnlyForDeploymentPostprocessing = 0;
		};
		26C37755203B95B300F3FB60 /* Resources */ = {
			isa = PBXResourcesBuildPhase;
			buildActionMask = 2147483647;
			files = (
			);
			runOnlyForDeploymentPostprocessing = 0;
		};
		26C37760203B95B300F3FB60 /* Resources */ = {
			isa = PBXResourcesBuildPhase;
			buildActionMask = 2147483647;
			files = (
			);
			runOnlyForDeploymentPostprocessing = 0;
		};
/* End PBXResourcesBuildPhase section */

/* Begin PBXShellScriptBuildPhase section */
		0554630B311D548CF0972C2C /* [CP] Copy Pods Resources */ = {
			isa = PBXShellScriptBuildPhase;
			buildActionMask = 2147483647;
			files = (
			);
			inputPaths = (
			);
			name = "[CP] Copy Pods Resources";
			outputPaths = (
			);
			runOnlyForDeploymentPostprocessing = 0;
			shellPath = /bin/sh;
			shellScript = "\"${SRCROOT}/Pods/Target Support Files/Pods-MemoriesUITests/Pods-MemoriesUITests-resources.sh\"\n";
			showEnvVarsInLog = 0;
		};
		0EED46D8012932E397B43051 /* [CP] Embed Pods Frameworks */ = {
			isa = PBXShellScriptBuildPhase;
			buildActionMask = 2147483647;
			files = (
			);
			inputPaths = (
				"${SRCROOT}/Pods/Target Support Files/Pods-Memories/Pods-Memories-frameworks.sh",
				"${BUILT_PRODUCTS_DIR}/Bolts/Bolts.framework",
				"${BUILT_PRODUCTS_DIR}/Parse/Parse.framework",
			);
			name = "[CP] Embed Pods Frameworks";
			outputPaths = (
				"${TARGET_BUILD_DIR}/${FRAMEWORKS_FOLDER_PATH}/Bolts.framework",
				"${TARGET_BUILD_DIR}/${FRAMEWORKS_FOLDER_PATH}/Parse.framework",
			);
			runOnlyForDeploymentPostprocessing = 0;
			shellPath = /bin/sh;
			shellScript = "\"${SRCROOT}/Pods/Target Support Files/Pods-Memories/Pods-Memories-frameworks.sh\"\n";
			showEnvVarsInLog = 0;
		};
		0F8925928C8534DCCCD489A2 /* [CP] Check Pods Manifest.lock */ = {
			isa = PBXShellScriptBuildPhase;
			buildActionMask = 2147483647;
			files = (
			);
			inputPaths = (
				"${PODS_PODFILE_DIR_PATH}/Podfile.lock",
				"${PODS_ROOT}/Manifest.lock",
			);
			name = "[CP] Check Pods Manifest.lock";
			outputPaths = (
				"$(DERIVED_FILE_DIR)/Pods-MemoriesUITests-checkManifestLockResult.txt",
			);
			runOnlyForDeploymentPostprocessing = 0;
			shellPath = /bin/sh;
			shellScript = "diff \"${PODS_PODFILE_DIR_PATH}/Podfile.lock\" \"${PODS_ROOT}/Manifest.lock\" > /dev/null\nif [ $? != 0 ] ; then\n    # print error to STDERR\n    echo \"error: The sandbox is not in sync with the Podfile.lock. Run 'pod install' or update your CocoaPods installation.\" >&2\n    exit 1\nfi\n# This output is used by Xcode 'outputs' to avoid re-running this script phase.\necho \"SUCCESS\" > \"${SCRIPT_OUTPUT_FILE_0}\"\n";
			showEnvVarsInLog = 0;
		};
		5F47607882EDFDC4B1BD1CAD /* [CP] Embed Pods Frameworks */ = {
			isa = PBXShellScriptBuildPhase;
			buildActionMask = 2147483647;
			files = (
			);
			inputPaths = (
			);
			name = "[CP] Embed Pods Frameworks";
			outputPaths = (
			);
			runOnlyForDeploymentPostprocessing = 0;
			shellPath = /bin/sh;
			shellScript = "\"${SRCROOT}/Pods/Target Support Files/Pods-MemoriesTests/Pods-MemoriesTests-frameworks.sh\"\n";
			showEnvVarsInLog = 0;
		};
		6E1C77CE58FF80F7C73F8B5C /* [CP] Copy Pods Resources */ = {
			isa = PBXShellScriptBuildPhase;
			buildActionMask = 2147483647;
			files = (
			);
			inputPaths = (
			);
			name = "[CP] Copy Pods Resources";
			outputPaths = (
			);
			runOnlyForDeploymentPostprocessing = 0;
			shellPath = /bin/sh;
			shellScript = "\"${SRCROOT}/Pods/Target Support Files/Pods-MemoriesTests/Pods-MemoriesTests-resources.sh\"\n";
			showEnvVarsInLog = 0;
		};
		9F9C7E49CEC253C885EB6F79 /* [CP] Embed Pods Frameworks */ = {
			isa = PBXShellScriptBuildPhase;
			buildActionMask = 2147483647;
			files = (
			);
			inputPaths = (
			);
			name = "[CP] Embed Pods Frameworks";
			outputPaths = (
			);
			runOnlyForDeploymentPostprocessing = 0;
			shellPath = /bin/sh;
			shellScript = "\"${SRCROOT}/Pods/Target Support Files/Pods-MemoriesUITests/Pods-MemoriesUITests-frameworks.sh\"\n";
			showEnvVarsInLog = 0;
		};
		A29480AE82F6254FA3D99F2F /* [CP] Check Pods Manifest.lock */ = {
			isa = PBXShellScriptBuildPhase;
			buildActionMask = 2147483647;
			files = (
			);
			inputPaths = (
				"${PODS_PODFILE_DIR_PATH}/Podfile.lock",
				"${PODS_ROOT}/Manifest.lock",
			);
			name = "[CP] Check Pods Manifest.lock";
			outputPaths = (
				"$(DERIVED_FILE_DIR)/Pods-Memories-checkManifestLockResult.txt",
			);
			runOnlyForDeploymentPostprocessing = 0;
			shellPath = /bin/sh;
			shellScript = "diff \"${PODS_PODFILE_DIR_PATH}/Podfile.lock\" \"${PODS_ROOT}/Manifest.lock\" > /dev/null\nif [ $? != 0 ] ; then\n    # print error to STDERR\n    echo \"error: The sandbox is not in sync with the Podfile.lock. Run 'pod install' or update your CocoaPods installation.\" >&2\n    exit 1\nfi\n# This output is used by Xcode 'outputs' to avoid re-running this script phase.\necho \"SUCCESS\" > \"${SCRIPT_OUTPUT_FILE_0}\"\n";
			showEnvVarsInLog = 0;
		};
		ABF1F137B71A03BA89B599C0 /* [CP] Check Pods Manifest.lock */ = {
			isa = PBXShellScriptBuildPhase;
			buildActionMask = 2147483647;
			files = (
			);
			inputPaths = (
				"${PODS_PODFILE_DIR_PATH}/Podfile.lock",
				"${PODS_ROOT}/Manifest.lock",
			);
			name = "[CP] Check Pods Manifest.lock";
			outputPaths = (
				"$(DERIVED_FILE_DIR)/Pods-MemoriesTests-checkManifestLockResult.txt",
			);
			runOnlyForDeploymentPostprocessing = 0;
			shellPath = /bin/sh;
			shellScript = "diff \"${PODS_PODFILE_DIR_PATH}/Podfile.lock\" \"${PODS_ROOT}/Manifest.lock\" > /dev/null\nif [ $? != 0 ] ; then\n    # print error to STDERR\n    echo \"error: The sandbox is not in sync with the Podfile.lock. Run 'pod install' or update your CocoaPods installation.\" >&2\n    exit 1\nfi\n# This output is used by Xcode 'outputs' to avoid re-running this script phase.\necho \"SUCCESS\" > \"${SCRIPT_OUTPUT_FILE_0}\"\n";
			showEnvVarsInLog = 0;
		};
		EE463F5CAECC7674BAFF6A66 /* [CP] Copy Pods Resources */ = {
			isa = PBXShellScriptBuildPhase;
			buildActionMask = 2147483647;
			files = (
			);
			inputPaths = (
			);
			name = "[CP] Copy Pods Resources";
			outputPaths = (
			);
			runOnlyForDeploymentPostprocessing = 0;
			shellPath = /bin/sh;
			shellScript = "\"${SRCROOT}/Pods/Target Support Files/Pods-Memories/Pods-Memories-resources.sh\"\n";
			showEnvVarsInLog = 0;
		};
/* End PBXShellScriptBuildPhase section */

/* Begin PBXSourcesBuildPhase section */
		26C3773F203B95B300F3FB60 /* Sources */ = {
			isa = PBXSourcesBuildPhase;
			buildActionMask = 2147483647;
			files = (
				26C37749203B95B300F3FB60 /* ViewController.swift in Sources */,
				26C37747203B95B300F3FB60 /* AppDelegate.swift in Sources */,
				26D0CBDD203E738000D29E27 /* LogInViewController.swift in Sources */,
			);
			runOnlyForDeploymentPostprocessing = 0;
		};
		26C37753203B95B300F3FB60 /* Sources */ = {
			isa = PBXSourcesBuildPhase;
			buildActionMask = 2147483647;
			files = (
				26C3775C203B95B300F3FB60 /* MemoriesTests.swift in Sources */,
			);
			runOnlyForDeploymentPostprocessing = 0;
		};
		26C3775E203B95B300F3FB60 /* Sources */ = {
			isa = PBXSourcesBuildPhase;
			buildActionMask = 2147483647;
			files = (
				26C37767203B95B300F3FB60 /* MemoriesUITests.swift in Sources */,
			);
			runOnlyForDeploymentPostprocessing = 0;
		};
/* End PBXSourcesBuildPhase section */

/* Begin PBXTargetDependency section */
		26C37759203B95B300F3FB60 /* PBXTargetDependency */ = {
			isa = PBXTargetDependency;
			target = 26C37742203B95B300F3FB60 /* Memories */;
			targetProxy = 26C37758203B95B300F3FB60 /* PBXContainerItemProxy */;
		};
		26C37764203B95B300F3FB60 /* PBXTargetDependency */ = {
			isa = PBXTargetDependency;
			target = 26C37742203B95B300F3FB60 /* Memories */;
			targetProxy = 26C37763203B95B300F3FB60 /* PBXContainerItemProxy */;
		};
/* End PBXTargetDependency section */

/* Begin PBXVariantGroup section */
		26C3774A203B95B300F3FB60 /* Main.storyboard */ = {
			isa = PBXVariantGroup;
			children = (
				26C3774B203B95B300F3FB60 /* Base */,
			);
			name = Main.storyboard;
			sourceTree = "<group>";
		};
		26C3774F203B95B300F3FB60 /* LaunchScreen.storyboard */ = {
			isa = PBXVariantGroup;
			children = (
				26C37750203B95B300F3FB60 /* Base */,
			);
			name = LaunchScreen.storyboard;
			sourceTree = "<group>";
		};
/* End PBXVariantGroup section */

/* Begin XCBuildConfiguration section */
		26C37769203B95B300F3FB60 /* Debug */ = {
			isa = XCBuildConfiguration;
			buildSettings = {
				ALWAYS_SEARCH_USER_PATHS = NO;
				CLANG_ANALYZER_NONNULL = YES;
				CLANG_ANALYZER_NUMBER_OBJECT_CONVERSION = YES_AGGRESSIVE;
				CLANG_CXX_LANGUAGE_STANDARD = "gnu++14";
				CLANG_CXX_LIBRARY = "libc++";
				CLANG_ENABLE_MODULES = YES;
				CLANG_ENABLE_OBJC_ARC = YES;
				CLANG_WARN_BLOCK_CAPTURE_AUTORELEASING = YES;
				CLANG_WARN_BOOL_CONVERSION = YES;
				CLANG_WARN_COMMA = YES;
				CLANG_WARN_CONSTANT_CONVERSION = YES;
				CLANG_WARN_DIRECT_OBJC_ISA_USAGE = YES_ERROR;
				CLANG_WARN_DOCUMENTATION_COMMENTS = YES;
				CLANG_WARN_EMPTY_BODY = YES;
				CLANG_WARN_ENUM_CONVERSION = YES;
				CLANG_WARN_INFINITE_RECURSION = YES;
				CLANG_WARN_INT_CONVERSION = YES;
				CLANG_WARN_NON_LITERAL_NULL_CONVERSION = YES;
				CLANG_WARN_OBJC_LITERAL_CONVERSION = YES;
				CLANG_WARN_OBJC_ROOT_CLASS = YES_ERROR;
				CLANG_WARN_RANGE_LOOP_ANALYSIS = YES;
				CLANG_WARN_STRICT_PROTOTYPES = YES;
				CLANG_WARN_SUSPICIOUS_MOVE = YES;
				CLANG_WARN_UNGUARDED_AVAILABILITY = YES_AGGRESSIVE;
				CLANG_WARN_UNREACHABLE_CODE = YES;
				CLANG_WARN__DUPLICATE_METHOD_MATCH = YES;
				CODE_SIGN_IDENTITY = "iPhone Developer";
				COPY_PHASE_STRIP = NO;
				DEBUG_INFORMATION_FORMAT = dwarf;
				ENABLE_STRICT_OBJC_MSGSEND = YES;
				ENABLE_TESTABILITY = YES;
				GCC_C_LANGUAGE_STANDARD = gnu11;
				GCC_DYNAMIC_NO_PIC = NO;
				GCC_NO_COMMON_BLOCKS = YES;
				GCC_OPTIMIZATION_LEVEL = 0;
				GCC_PREPROCESSOR_DEFINITIONS = (
					"DEBUG=1",
					"$(inherited)",
				);
				GCC_WARN_64_TO_32_BIT_CONVERSION = YES;
				GCC_WARN_ABOUT_RETURN_TYPE = YES_ERROR;
				GCC_WARN_UNDECLARED_SELECTOR = YES;
				GCC_WARN_UNINITIALIZED_AUTOS = YES_AGGRESSIVE;
				GCC_WARN_UNUSED_FUNCTION = YES;
				GCC_WARN_UNUSED_VARIABLE = YES;
				IPHONEOS_DEPLOYMENT_TARGET = 11.2;
				MTL_ENABLE_DEBUG_INFO = YES;
				ONLY_ACTIVE_ARCH = YES;
				SDKROOT = iphoneos;
				SWIFT_ACTIVE_COMPILATION_CONDITIONS = DEBUG;
				SWIFT_OPTIMIZATION_LEVEL = "-Onone";
			};
			name = Debug;
		};
		26C3776A203B95B300F3FB60 /* Release */ = {
			isa = XCBuildConfiguration;
			buildSettings = {
				ALWAYS_SEARCH_USER_PATHS = NO;
				CLANG_ANALYZER_NONNULL = YES;
				CLANG_ANALYZER_NUMBER_OBJECT_CONVERSION = YES_AGGRESSIVE;
				CLANG_CXX_LANGUAGE_STANDARD = "gnu++14";
				CLANG_CXX_LIBRARY = "libc++";
				CLANG_ENABLE_MODULES = YES;
				CLANG_ENABLE_OBJC_ARC = YES;
				CLANG_WARN_BLOCK_CAPTURE_AUTORELEASING = YES;
				CLANG_WARN_BOOL_CONVERSION = YES;
				CLANG_WARN_COMMA = YES;
				CLANG_WARN_CONSTANT_CONVERSION = YES;
				CLANG_WARN_DIRECT_OBJC_ISA_USAGE = YES_ERROR;
				CLANG_WARN_DOCUMENTATION_COMMENTS = YES;
				CLANG_WARN_EMPTY_BODY = YES;
				CLANG_WARN_ENUM_CONVERSION = YES;
				CLANG_WARN_INFINITE_RECURSION = YES;
				CLANG_WARN_INT_CONVERSION = YES;
				CLANG_WARN_NON_LITERAL_NULL_CONVERSION = YES;
				CLANG_WARN_OBJC_LITERAL_CONVERSION = YES;
				CLANG_WARN_OBJC_ROOT_CLASS = YES_ERROR;
				CLANG_WARN_RANGE_LOOP_ANALYSIS = YES;
				CLANG_WARN_STRICT_PROTOTYPES = YES;
				CLANG_WARN_SUSPICIOUS_MOVE = YES;
				CLANG_WARN_UNGUARDED_AVAILABILITY = YES_AGGRESSIVE;
				CLANG_WARN_UNREACHABLE_CODE = YES;
				CLANG_WARN__DUPLICATE_METHOD_MATCH = YES;
				CODE_SIGN_IDENTITY = "iPhone Developer";
				COPY_PHASE_STRIP = NO;
				DEBUG_INFORMATION_FORMAT = "dwarf-with-dsym";
				ENABLE_NS_ASSERTIONS = NO;
				ENABLE_STRICT_OBJC_MSGSEND = YES;
				GCC_C_LANGUAGE_STANDARD = gnu11;
				GCC_NO_COMMON_BLOCKS = YES;
				GCC_WARN_64_TO_32_BIT_CONVERSION = YES;
				GCC_WARN_ABOUT_RETURN_TYPE = YES_ERROR;
				GCC_WARN_UNDECLARED_SELECTOR = YES;
				GCC_WARN_UNINITIALIZED_AUTOS = YES_AGGRESSIVE;
				GCC_WARN_UNUSED_FUNCTION = YES;
				GCC_WARN_UNUSED_VARIABLE = YES;
				IPHONEOS_DEPLOYMENT_TARGET = 11.2;
				MTL_ENABLE_DEBUG_INFO = NO;
				SDKROOT = iphoneos;
				SWIFT_OPTIMIZATION_LEVEL = "-Owholemodule";
				VALIDATE_PRODUCT = YES;
			};
			name = Release;
		};
		26C3776C203B95B300F3FB60 /* Debug */ = {
			isa = XCBuildConfiguration;
			baseConfigurationReference = 75FDC20FC671A7032E3491F1 /* Pods-Memories.debug.xcconfig */;
			buildSettings = {
				ASSETCATALOG_COMPILER_APPICON_NAME = AppIcon;
				CODE_SIGN_STYLE = Automatic;
				INFOPLIST_FILE = Memories/Info.plist;
				LD_RUNPATH_SEARCH_PATHS = "$(inherited) @executable_path/Frameworks";
				PRODUCT_BUNDLE_IDENTIFIER = CST495Homework.Memories;
				PRODUCT_NAME = "$(TARGET_NAME)";
				SWIFT_VERSION = 4.0;
				TARGETED_DEVICE_FAMILY = "1,2";
			};
			name = Debug;
		};
		26C3776D203B95B300F3FB60 /* Release */ = {
			isa = XCBuildConfiguration;
			baseConfigurationReference = 041FCA48ABFD4B159248AF8D /* Pods-Memories.release.xcconfig */;
			buildSettings = {
				ASSETCATALOG_COMPILER_APPICON_NAME = AppIcon;
				CODE_SIGN_STYLE = Automatic;
				INFOPLIST_FILE = Memories/Info.plist;
				LD_RUNPATH_SEARCH_PATHS = "$(inherited) @executable_path/Frameworks";
				PRODUCT_BUNDLE_IDENTIFIER = CST495Homework.Memories;
				PRODUCT_NAME = "$(TARGET_NAME)";
				SWIFT_VERSION = 4.0;
				TARGETED_DEVICE_FAMILY = "1,2";
			};
			name = Release;
		};
		26C3776F203B95B300F3FB60 /* Debug */ = {
			isa = XCBuildConfiguration;
			baseConfigurationReference = 2A34285FD8A35C514FCCC61A /* Pods-MemoriesTests.debug.xcconfig */;
			buildSettings = {
				ALWAYS_EMBED_SWIFT_STANDARD_LIBRARIES = YES;
				BUNDLE_LOADER = "$(TEST_HOST)";
				CODE_SIGN_STYLE = Automatic;
				INFOPLIST_FILE = MemoriesTests/Info.plist;
				LD_RUNPATH_SEARCH_PATHS = "$(inherited) @executable_path/Frameworks @loader_path/Frameworks";
				PRODUCT_BUNDLE_IDENTIFIER = CST495Homework.MemoriesTests;
				PRODUCT_NAME = "$(TARGET_NAME)";
				SWIFT_VERSION = 4.0;
				TARGETED_DEVICE_FAMILY = "1,2";
				TEST_HOST = "$(BUILT_PRODUCTS_DIR)/Memories.app/Memories";
			};
			name = Debug;
		};
		26C37770203B95B300F3FB60 /* Release */ = {
			isa = XCBuildConfiguration;
			baseConfigurationReference = CD7D0445F3058458B27A05ED /* Pods-MemoriesTests.release.xcconfig */;
			buildSettings = {
				ALWAYS_EMBED_SWIFT_STANDARD_LIBRARIES = YES;
				BUNDLE_LOADER = "$(TEST_HOST)";
				CODE_SIGN_STYLE = Automatic;
				INFOPLIST_FILE = MemoriesTests/Info.plist;
				LD_RUNPATH_SEARCH_PATHS = "$(inherited) @executable_path/Frameworks @loader_path/Frameworks";
				PRODUCT_BUNDLE_IDENTIFIER = CST495Homework.MemoriesTests;
				PRODUCT_NAME = "$(TARGET_NAME)";
				SWIFT_VERSION = 4.0;
				TARGETED_DEVICE_FAMILY = "1,2";
				TEST_HOST = "$(BUILT_PRODUCTS_DIR)/Memories.app/Memories";
			};
			name = Release;
		};
		26C37772203B95B300F3FB60 /* Debug */ = {
			isa = XCBuildConfiguration;
			baseConfigurationReference = E696182342D10C7682D0CE0D /* Pods-MemoriesUITests.debug.xcconfig */;
			buildSettings = {
				ALWAYS_EMBED_SWIFT_STANDARD_LIBRARIES = YES;
				CODE_SIGN_STYLE = Automatic;
				INFOPLIST_FILE = MemoriesUITests/Info.plist;
				LD_RUNPATH_SEARCH_PATHS = "$(inherited) @executable_path/Frameworks @loader_path/Frameworks";
				PRODUCT_BUNDLE_IDENTIFIER = CST495Homework.MemoriesUITests;
				PRODUCT_NAME = "$(TARGET_NAME)";
				SWIFT_VERSION = 4.0;
				TARGETED_DEVICE_FAMILY = "1,2";
				TEST_TARGET_NAME = Memories;
			};
			name = Debug;
		};
		26C37773203B95B300F3FB60 /* Release */ = {
			isa = XCBuildConfiguration;
			baseConfigurationReference = CB4E2A3E85CCEADD933CED16 /* Pods-MemoriesUITests.release.xcconfig */;
			buildSettings = {
				ALWAYS_EMBED_SWIFT_STANDARD_LIBRARIES = YES;
				CODE_SIGN_STYLE = Automatic;
				INFOPLIST_FILE = MemoriesUITests/Info.plist;
				LD_RUNPATH_SEARCH_PATHS = "$(inherited) @executable_path/Frameworks @loader_path/Frameworks";
				PRODUCT_BUNDLE_IDENTIFIER = CST495Homework.MemoriesUITests;
				PRODUCT_NAME = "$(TARGET_NAME)";
				SWIFT_VERSION = 4.0;
				TARGETED_DEVICE_FAMILY = "1,2";
				TEST_TARGET_NAME = Memories;
			};
			name = Release;
		};
/* End XCBuildConfiguration section */

/* Begin XCConfigurationList section */
		26C3773E203B95B300F3FB60 /* Build configuration list for PBXProject "Memories" */ = {
			isa = XCConfigurationList;
			buildConfigurations = (
				26C37769203B95B300F3FB60 /* Debug */,
				26C3776A203B95B300F3FB60 /* Release */,
			);
			defaultConfigurationIsVisible = 0;
			defaultConfigurationName = Release;
		};
		26C3776B203B95B300F3FB60 /* Build configuration list for PBXNativeTarget "Memories" */ = {
			isa = XCConfigurationList;
			buildConfigurations = (
				26C3776C203B95B300F3FB60 /* Debug */,
				26C3776D203B95B300F3FB60 /* Release */,
			);
			defaultConfigurationIsVisible = 0;
			defaultConfigurationName = Release;
		};
		26C3776E203B95B300F3FB60 /* Build configuration list for PBXNativeTarget "MemoriesTests" */ = {
			isa = XCConfigurationList;
			buildConfigurations = (
				26C3776F203B95B300F3FB60 /* Debug */,
				26C37770203B95B300F3FB60 /* Release */,
			);
			defaultConfigurationIsVisible = 0;
			defaultConfigurationName = Release;
		};
		26C37771203B95B300F3FB60 /* Build configuration list for PBXNativeTarget "MemoriesUITests" */ = {
			isa = XCConfigurationList;
			buildConfigurations = (
				26C37772203B95B300F3FB60 /* Debug */,
				26C37773203B95B300F3FB60 /* Release */,
			);
			defaultConfigurationIsVisible = 0;
			defaultConfigurationName = Release;
		};
/* End XCConfigurationList section */
	};
	rootObject = 26C3773B203B95B300F3FB60 /* Project object */;
}
